
Microsoft Visual Studio Solution File, Format Version 12.00
# Visual Studio Version 16
VisualStudioVersion = 16.0.29411.108
MinimumVisualStudioVersion = 10.0.40219.1
Project("{FAE04EC0-301F-11D3-BF4B-00C04F79EFBC}") = "WindowsFormsApp", "WindowsFormsApp\WindowsFormsApp.csproj", "{8A972FB9-E17E-42CE-8703-AED2DE795CF1}"
EndProject
Global
	GlobalSection(SolutionConfigurationPlatforms) = preSolution
		Debug|Any CPU = Debug|Any CPU
		Release|Any CPU = Release|Any CPU
	EndGlobalSection
	GlobalSection(ProjectConfigurationPlatforms) = postSolution
		{8A972FB9-E17E-42CE-8703-AED2DE795CF1}.Debug|Any CPU.ActiveCfg = Debug|Any CPU
		{8A972FB9-E17E-42CE-8703-AED2DE795CF1}.Debug|Any CPU.Build.0 = Debug|Any CPU
		{8A972FB9-E17E-42CE-8703-AED2DE795CF1}.Release|Any CPU.ActiveCfg = Release|Any CPU
		{8A972FB9-E17E-42CE-8703-AED2DE795CF1}.Release|Any CPU.Build.0 = Release|Any CPU
	EndGlobalSection
	GlobalSection(SolutionProperties) = preSolution
		HideSolutionNode = FALSE
	EndGlobalSection
	GlobalSection(ExtensibilityGlobals) = postSolution
		SolutionGuid = {1F6C48C8-FC29-4FF2-94B6-EE34B4036C8F}
	EndGlobalSection
EndGlobal
